
Microsoft Visual Studio Solution File, Format Version 12.00
# Visual Studio Version 16
VisualStudioVersion = 16.0.30204.135
MinimumVisualStudioVersion = 10.0.40219.1
Project("{9A19103F-16F7-4668-BE54-9A1E7A4F7556}") = "Graph-CreateEventOnline", "Graph-CreateEventOnline.csproj", "{82D663EF-5585-49BA-935F-60A529462702}"
EndProject
Global
	GlobalSection(SolutionConfigurationPlatforms) = preSolution
		Debug|Any CPU = Debug|Any CPU
		Release|Any CPU = Release|Any CPU
	EndGlobalSection
	GlobalSection(ProjectConfigurationPlatforms) = postSolution
		{82D663EF-5585-49BA-935F-60A529462702}.Debug|Any CPU.ActiveCfg = Debug|Any CPU
		{82D663EF-5585-49BA-935F-60A529462702}.Debug|Any CPU.Build.0 = Debug|Any CPU
		{82D663EF-5585-49BA-935F-60A529462702}.Release|Any CPU.ActiveCfg = Release|Any CPU
		{82D663EF-5585-49BA-935F-60A529462702}.Release|Any CPU.Build.0 = Release|Any CPU
	EndGlobalSection
	GlobalSection(SolutionProperties) = preSolution
		HideSolutionNode = FALSE
	EndGlobalSection
	GlobalSection(ExtensibilityGlobals) = postSolution
		SolutionGuid = {40B73F33-DFFC-4256-942D-13381E432FB5}
	EndGlobalSection
EndGlobal
